
Terraform used the selected providers to generate the following execution
plan. Resource actions are indicated with the following symbols:
  [32m+[0m create[0m

Terraform will perform the following actions:

[1m  # proxmox_vm_qemu.clone_vm[0m will be created
[0m  [32m+[0m[0m resource "proxmox_vm_qemu" "clone_vm" {
      [32m+[0m[0m additional_wait        = 5
      [32m+[0m[0m agent                  = 1
      [32m+[0m[0m automatic_reboot       = true
      [32m+[0m[0m balloon                = 0
      [32m+[0m[0m bios                   = "seabios"
      [32m+[0m[0m boot                   = "order=scsi0"
      [32m+[0m[0m bootdisk               = (known after apply)
      [32m+[0m[0m cipassword             = (sensitive value)
      [32m+[0m[0m ciupgrade              = false
      [32m+[0m[0m ciuser                 = "user"
      [32m+[0m[0m clone                  = "ubuntu-cloud"
      [32m+[0m[0m clone_wait             = 10
      [32m+[0m[0m cores                  = 1
      [32m+[0m[0m cpu                    = "x86-64-v2-AES"
      [32m+[0m[0m default_ipv4_address   = (known after apply)
      [32m+[0m[0m default_ipv6_address   = (known after apply)
      [32m+[0m[0m define_connection_info = true
      [32m+[0m[0m desc                   = "A test for using terraform and cloudinit"
      [32m+[0m[0m force_create           = false
      [32m+[0m[0m full_clone             = true
      [32m+[0m[0m hotplug                = "network,disk,usb"
      [32m+[0m[0m id                     = (known after apply)
      [32m+[0m[0m ipconfig0              = "ip=dhcp"
      [32m+[0m[0m kvm                    = true
      [32m+[0m[0m linked_vmid            = (known after apply)
      [32m+[0m[0m memory                 = 1024
      [32m+[0m[0m name                   = "harish"
      [32m+[0m[0m onboot                 = false
      [32m+[0m[0m os_type                = "cloud-init"
      [32m+[0m[0m protection             = false
      [32m+[0m[0m reboot_required        = (known after apply)
      [32m+[0m[0m scsihw                 = "virtio-scsi-pci"
      [32m+[0m[0m skip_ipv4              = false
      [32m+[0m[0m skip_ipv6              = false
      [32m+[0m[0m sockets                = 1
      [32m+[0m[0m ssh_host               = (known after apply)
      [32m+[0m[0m ssh_port               = (known after apply)
      [32m+[0m[0m tablet                 = true
      [32m+[0m[0m tags                   = (known after apply)
      [32m+[0m[0m target_node            = "innprox"
      [32m+[0m[0m unused_disk            = (known after apply)
      [32m+[0m[0m vcpus                  = 0
      [32m+[0m[0m vm_state               = "running"
      [32m+[0m[0m vmid                   = (known after apply)

      [32m+[0m[0m disks {
          [32m+[0m[0m ide {
              [32m+[0m[0m ide2 {
                  [32m+[0m[0m cloudinit {
                      [32m+[0m[0m storage = "local-lvm"
                    }
                }
            }
          [32m+[0m[0m scsi {
              [32m+[0m[0m scsi0 {
                  [32m+[0m[0m disk {
                      [32m+[0m[0m backup               = true
                      [32m+[0m[0m cache                = "writeback"
                      [32m+[0m[0m format               = "raw"
                      [32m+[0m[0m id                   = (known after apply)
                      [32m+[0m[0m iops_r_burst         = 0
                      [32m+[0m[0m iops_r_burst_length  = 0
                      [32m+[0m[0m iops_r_concurrent    = 0
                      [32m+[0m[0m iops_wr_burst        = 0
                      [32m+[0m[0m iops_wr_burst_length = 0
                      [32m+[0m[0m iops_wr_concurrent   = 0
                      [32m+[0m[0m linked_disk_id       = (known after apply)
                      [32m+[0m[0m mbps_r_burst         = 0
                      [32m+[0m[0m mbps_r_concurrent    = 0
                      [32m+[0m[0m mbps_wr_burst        = 0
                      [32m+[0m[0m mbps_wr_concurrent   = 0
                      [32m+[0m[0m replicate            = true
                      [32m+[0m[0m size                 = "10"
                      [32m+[0m[0m storage              = "local-lvm"
                    }
                }
            }
        }

      [32m+[0m[0m network {
          [32m+[0m[0m bridge    = "vmbr0"
          [32m+[0m[0m firewall  = false
          [32m+[0m[0m link_down = false
          [32m+[0m[0m macaddr   = (known after apply)
          [32m+[0m[0m model     = "virtio"
          [32m+[0m[0m queues    = (known after apply)
          [32m+[0m[0m rate      = (known after apply)
          [32m+[0m[0m tag       = -1
        }

      [32m+[0m[0m serial {
          [32m+[0m[0m id   = 0
          [32m+[0m[0m type = "socket"
        }

      [32m+[0m[0m smbios (known after apply)
    }

[1mPlan:[0m 1 to add, 0 to change, 0 to destroy.
[0m
Changes to Outputs:
  [32m+[0m[0m new_vm_id = (known after apply)
[0m[1mproxmox_vm_qemu.clone_vm: Creating...[0m[0m
[0m[1mproxmox_vm_qemu.clone_vm: Still creating... [10s elapsed][0m[0m
[0m[1mproxmox_vm_qemu.clone_vm: Still creating... [20s elapsed][0m[0m
[0m[1mproxmox_vm_qemu.clone_vm: Still creating... [30s elapsed][0m[0m
[0m[1mproxmox_vm_qemu.clone_vm: Creation complete after 38s [id=innprox/qemu/119][0m
[0m[1m[32m
Apply complete! Resources: 1 added, 0 changed, 0 destroyed.
[0m[0m[1m[32m
Outputs:

[0mnew_vm_id = "innprox/qemu/119"
